// !$*UTF8*$!
{
	archiveVersion = 1;
	classes = {
	};
	objectVersion = 60;
	objects = {

/* Begin PBXBuildFile section */
		7FB4FBA52B29D4F90053D2CE /* countriesGraphQLApp.swift in Sources */ = {isa = PBXBuildFile; fileRef = 7FB4FBA42B29D4F90053D2CE /* countriesGraphQLApp.swift */; };
		7FB4FBA72B29D4F90053D2CE /* ContentView.swift in Sources */ = {isa = PBXBuildFile; fileRef = 7FB4FBA62B29D4F90053D2CE /* ContentView.swift */; };
		7FB4FBA92B29D5010053D2CE /* Assets.xcassets in Resources */ = {isa = PBXBuildFile; fileRef = 7FB4FBA82B29D5010053D2CE /* Assets.xcassets */; };
		7FB4FBAC2B29D5010053D2CE /* Preview Assets.xcassets in Resources */ = {isa = PBXBuildFile; fileRef = 7FB4FBAB2B29D5010053D2CE /* Preview Assets.xcassets */; };
		7FB4FBB42B29D6960053D2CE /* Apollo in Frameworks */ = {isa = PBXBuildFile; productRef = 7FB4FBB32B29D6960053D2CE /* Apollo */; };
		7FB4FBB62B29D6960053D2CE /* Apollo-Dynamic in Frameworks */ = {isa = PBXBuildFile; productRef = 7FB4FBB52B29D6960053D2CE /* Apollo-Dynamic */; };
		7FB4FBB82B29D6960053D2CE /* ApolloAPI in Frameworks */ = {isa = PBXBuildFile; productRef = 7FB4FBB72B29D6960053D2CE /* ApolloAPI */; };
		7FB4FBBA2B29D6960053D2CE /* ApolloSQLite in Frameworks */ = {isa = PBXBuildFile; productRef = 7FB4FBB92B29D6960053D2CE /* ApolloSQLite */; };
		7FB4FBBC2B29D6960053D2CE /* ApolloTestSupport in Frameworks */ = {isa = PBXBuildFile; productRef = 7FB4FBBB2B29D6960053D2CE /* ApolloTestSupport */; };
		7FB4FBC02B29DAB00053D2CE /* Query.graphql in Resources */ = {isa = PBXBuildFile; fileRef = 7FB4FBBF2B29DAB00053D2CE /* Query.graphql */; };
		7FB4FBD52B29F0B70053D2CE /* DataManger.swift in Sources */ = {isa = PBXBuildFile; fileRef = 7FB4FBD42B29F0B70053D2CE /* DataManger.swift */; };
		7FB4FBD72B29F2F50053D2CE /* CountryModel.swift in Sources */ = {isa = PBXBuildFile; fileRef = 7FB4FBD62B29F2F50053D2CE /* CountryModel.swift */; };
		7FB4FBDC2B2A16320053D2CE /* schema.graphqls in Resources */ = {isa = PBXBuildFile; fileRef = 7FB4FBDB2B2A16320053D2CE /* schema.graphqls */; };
		7FB4FBF02B2A1C520053D2CE /* CountryAPI in Frameworks */ = {isa = PBXBuildFile; productRef = 7FB4FBEF2B2A1C520053D2CE /* CountryAPI */; };
/* End PBXBuildFile section */

/* Begin PBXFileReference section */
		7FB4FBA12B29D4F90053D2CE /* countriesGraphQL.app */ = {isa = PBXFileReference; explicitFileType = wrapper.application; includeInIndex = 0; path = countriesGraphQL.app; sourceTree = BUILT_PRODUCTS_DIR; };
		7FB4FBA42B29D4F90053D2CE /* countriesGraphQLApp.swift */ = {isa = PBXFileReference; lastKnownFileType = sourcecode.swift; path = countriesGraphQLApp.swift; sourceTree = "<group>"; };
		7FB4FBA62B29D4F90053D2CE /* ContentView.swift */ = {isa = PBXFileReference; lastKnownFileType = sourcecode.swift; path = ContentView.swift; sourceTree = "<group>"; };
		7FB4FBA82B29D5010053D2CE /* Assets.xcassets */ = {isa = PBXFileReference; lastKnownFileType = folder.assetcatalog; path = Assets.xcassets; sourceTree = "<group>"; };
		7FB4FBAB2B29D5010053D2CE /* Preview Assets.xcassets */ = {isa = PBXFileReference; lastKnownFileType = folder.assetcatalog; path = "Preview Assets.xcassets"; sourceTree = "<group>"; };
		7FB4FBBF2B29DAB00053D2CE /* Query.graphql */ = {isa = PBXFileReference; lastKnownFileType = text; path = Query.graphql; sourceTree = "<group>"; };
		7FB4FBD42B29F0B70053D2CE /* DataManger.swift */ = {isa = PBXFileReference; lastKnownFileType = sourcecode.swift; path = DataManger.swift; sourceTree = "<group>"; };
		7FB4FBD62B29F2F50053D2CE /* CountryModel.swift */ = {isa = PBXFileReference; lastKnownFileType = sourcecode.swift; path = CountryModel.swift; sourceTree = "<group>"; };
		7FB4FBDB2B2A16320053D2CE /* schema.graphqls */ = {isa = PBXFileReference; lastKnownFileType = text; path = schema.graphqls; sourceTree = "<group>"; };
/* End PBXFileReference section */

/* Begin PBXFrameworksBuildPhase section */
		7FB4FB9E2B29D4F90053D2CE /* Frameworks */ = {
			isa = PBXFrameworksBuildPhase;
			buildActionMask = 2147483647;
			files = (
				7FB4FBB82B29D6960053D2CE /* ApolloAPI in Frameworks */,
				7FB4FBBC2B29D6960053D2CE /* ApolloTestSupport in Frameworks */,
				7FB4FBBA2B29D6960053D2CE /* ApolloSQLite in Frameworks */,
				7FB4FBB42B29D6960053D2CE /* Apollo in Frameworks */,
				7FB4FBF02B2A1C520053D2CE /* CountryAPI in Frameworks */,
				7FB4FBB62B29D6960053D2CE /* Apollo-Dynamic in Frameworks */,
			);
			runOnlyForDeploymentPostprocessing = 0;
		};
/* End PBXFrameworksBuildPhase section */

/* Begin PBXGroup section */
		7FB4FB982B29D4F90053D2CE = {
			isa = PBXGroup;
			children = (
				7FB4FBA32B29D4F90053D2CE /* countriesGraphQL */,
				7FB4FBA22B29D4F90053D2CE /* Products */,
			);
			sourceTree = "<group>";
		};
		7FB4FBA22B29D4F90053D2CE /* Products */ = {
			isa = PBXGroup;
			children = (
				7FB4FBA12B29D4F90053D2CE /* countriesGraphQL.app */,
			);
			name = Products;
			sourceTree = "<group>";
		};
		7FB4FBA32B29D4F90053D2CE /* countriesGraphQL */ = {
			isa = PBXGroup;
			children = (
				7FB4FBA42B29D4F90053D2CE /* countriesGraphQLApp.swift */,
				7FB4FBA62B29D4F90053D2CE /* ContentView.swift */,
				7FB4FBA82B29D5010053D2CE /* Assets.xcassets */,
				7FB4FBAA2B29D5010053D2CE /* Preview Content */,
				7FB4FBC22B29DC690053D2CE /* GraphQl */,
				7FB4FBD42B29F0B70053D2CE /* DataManger.swift */,
				7FB4FBD62B29F2F50053D2CE /* CountryModel.swift */,
			);
			path = countriesGraphQL;
			sourceTree = "<group>";
		};
		7FB4FBAA2B29D5010053D2CE /* Preview Content */ = {
			isa = PBXGroup;
			children = (
				7FB4FBAB2B29D5010053D2CE /* Preview Assets.xcassets */,
			);
			path = "Preview Content";
			sourceTree = "<group>";
		};
		7FB4FBC22B29DC690053D2CE /* GraphQl */ = {
			isa = PBXGroup;
			children = (
				7FB4FBBF2B29DAB00053D2CE /* Query.graphql */,
				7FB4FBDB2B2A16320053D2CE /* schema.graphqls */,
			);
			path = GraphQl;
			sourceTree = "<group>";
		};
/* End PBXGroup section */

/* Begin PBXNativeTarget section */
		7FB4FBA02B29D4F90053D2CE /* countriesGraphQL */ = {
			isa = PBXNativeTarget;
			buildConfigurationList = 7FB4FBAF2B29D5010053D2CE /* Build configuration list for PBXNativeTarget "countriesGraphQL" */;
			buildPhases = (
				7FB4FB9D2B29D4F90053D2CE /* Sources */,
				7FB4FB9E2B29D4F90053D2CE /* Frameworks */,
				7FB4FB9F2B29D4F90053D2CE /* Resources */,
			);
			buildRules = (
			);
			dependencies = (
			);
			name = countriesGraphQL;
			packageProductDependencies = (
				7FB4FBB32B29D6960053D2CE /* Apollo */,
				7FB4FBB52B29D6960053D2CE /* Apollo-Dynamic */,
				7FB4FBB72B29D6960053D2CE /* ApolloAPI */,
				7FB4FBB92B29D6960053D2CE /* ApolloSQLite */,
				7FB4FBBB2B29D6960053D2CE /* ApolloTestSupport */,
				7FB4FBEF2B2A1C520053D2CE /* CountryAPI */,
			);
			productName = countriesGraphQL;
			productReference = 7FB4FBA12B29D4F90053D2CE /* countriesGraphQL.app */;
			productType = "com.apple.product-type.application";
		};
/* End PBXNativeTarget section */

/* Begin PBXProject section */
		7FB4FB992B29D4F90053D2CE /* Project object */ = {
			isa = PBXProject;
			attributes = {
				BuildIndependentTargetsInParallel = 1;
				LastSwiftUpdateCheck = 1500;
				LastUpgradeCheck = 1500;
				TargetAttributes = {
					7FB4FBA02B29D4F90053D2CE = {
						CreatedOnToolsVersion = 15.0.1;
					};
				};
			};
			buildConfigurationList = 7FB4FB9C2B29D4F90053D2CE /* Build configuration list for PBXProject "countriesGraphQL" */;
			compatibilityVersion = "Xcode 14.0";
			developmentRegion = en;
			hasScannedForEncodings = 0;
			knownRegions = (
				en,
				Base,
			);
			mainGroup = 7FB4FB982B29D4F90053D2CE;
			packageReferences = (
				7FB4FBB22B29D6960053D2CE /* XCRemoteSwiftPackageReference "apollo-ios" */,
				7FB4FBEE2B2A1C520053D2CE /* XCLocalSwiftPackageReference "CountryAPI" */,
			);
			productRefGroup = 7FB4FBA22B29D4F90053D2CE /* Products */;
			projectDirPath = "";
			projectRoot = "";
			targets = (
				7FB4FBA02B29D4F90053D2CE /* countriesGraphQL */,
			);
		};
/* End PBXProject section */

/* Begin PBXResourcesBuildPhase section */
		7FB4FB9F2B29D4F90053D2CE /* Resources */ = {
			isa = PBXResourcesBuildPhase;
			buildActionMask = 2147483647;
			files = (
				7FB4FBC02B29DAB00053D2CE /* Query.graphql in Resources */,
				7FB4FBDC2B2A16320053D2CE /* schema.graphqls in Resources */,
				7FB4FBAC2B29D5010053D2CE /* Preview Assets.xcassets in Resources */,
				7FB4FBA92B29D5010053D2CE /* Assets.xcassets in Resources */,
			);
			runOnlyForDeploymentPostprocessing = 0;
		};
/* End PBXResourcesBuildPhase section */

/* Begin PBXSourcesBuildPhase section */
		7FB4FB9D2B29D4F90053D2CE /* Sources */ = {
			isa = PBXSourcesBuildPhase;
			buildActionMask = 2147483647;
			files = (
				7FB4FBA72B29D4F90053D2CE /* ContentView.swift in Sources */,
				7FB4FBD72B29F2F50053D2CE /* CountryModel.swift in Sources */,
				7FB4FBA52B29D4F90053D2CE /* countriesGraphQLApp.swift in Sources */,
				7FB4FBD52B29F0B70053D2CE /* DataManger.swift in Sources */,
			);
			runOnlyForDeploymentPostprocessing = 0;
		};
/* End PBXSourcesBuildPhase section */

/* Begin XCBuildConfiguration section */
		7FB4FBAD2B29D5010053D2CE /* Debug */ = {
			isa = XCBuildConfiguration;
			buildSettings = {
				ALWAYS_SEARCH_USER_PATHS = NO;
				ASSETCATALOG_COMPILER_GENERATE_SWIFT_ASSET_SYMBOL_EXTENSIONS = YES;
				CLANG_ANALYZER_NONNULL = YES;
				CLANG_ANALYZER_NUMBER_OBJECT_CONVERSION = YES_AGGRESSIVE;
				CLANG_CXX_LANGUAGE_STANDARD = "gnu++20";
				CLANG_ENABLE_MODULES = YES;
				CLANG_ENABLE_OBJC_ARC = YES;
				CLANG_ENABLE_OBJC_WEAK = YES;
				CLANG_WARN_BLOCK_CAPTURE_AUTORELEASING = YES;
				CLANG_WARN_BOOL_CONVERSION = YES;
				CLANG_WARN_COMMA = YES;
				CLANG_WARN_CONSTANT_CONVERSION = YES;
				CLANG_WARN_DEPRECATED_OBJC_IMPLEMENTATIONS = YES;
				CLANG_WARN_DIRECT_OBJC_ISA_USAGE = YES_ERROR;
				CLANG_WARN_DOCUMENTATION_COMMENTS = YES;
				CLANG_WARN_EMPTY_BODY = YES;
				CLANG_WARN_ENUM_CONVERSION = YES;
				CLANG_WARN_INFINITE_RECURSION = YES;
				CLANG_WARN_INT_CONVERSION = YES;
				CLANG_WARN_NON_LITERAL_NULL_CONVERSION = YES;
				CLANG_WARN_OBJC_IMPLICIT_RETAIN_SELF = YES;
				CLANG_WARN_OBJC_LITERAL_CONVERSION = YES;
				CLANG_WARN_OBJC_ROOT_CLASS = YES_ERROR;
				CLANG_WARN_QUOTED_INCLUDE_IN_FRAMEWORK_HEADER = YES;
				CLANG_WARN_RANGE_LOOP_ANALYSIS = YES;
				CLANG_WARN_STRICT_PROTOTYPES = YES;
				CLANG_WARN_SUSPICIOUS_MOVE = YES;
				CLANG_WARN_UNGUARDED_AVAILABILITY = YES_AGGRESSIVE;
				CLANG_WARN_UNREACHABLE_CODE = YES;
				CLANG_WARN__DUPLICATE_METHOD_MATCH = YES;
				COPY_PHASE_STRIP = NO;
				DEBUG_INFORMATION_FORMAT = dwarf;
				ENABLE_STRICT_OBJC_MSGSEND = YES;
				ENABLE_TESTABILITY = YES;
				ENABLE_USER_SCRIPT_SANDBOXING = YES;
				GCC_C_LANGUAGE_STANDARD = gnu17;
				GCC_DYNAMIC_NO_PIC = NO;
				GCC_NO_COMMON_BLOCKS = YES;
				GCC_OPTIMIZATION_LEVEL = 0;
				GCC_PREPROCESSOR_DEFINITIONS = (
					"DEBUG=1",
					"$(inherited)",
				);
				GCC_WARN_64_TO_32_BIT_CONVERSION = YES;
				GCC_WARN_ABOUT_RETURN_TYPE = YES_ERROR;
				GCC_WARN_UNDECLARED_SELECTOR = YES;
				GCC_WARN_UNINITIALIZED_AUTOS = YES_AGGRESSIVE;
				GCC_WARN_UNUSED_FUNCTION = YES;
				GCC_WARN_UNUSED_VARIABLE = YES;
				IPHONEOS_DEPLOYMENT_TARGET = 17.0;
				LOCALIZATION_PREFERS_STRING_CATALOGS = YES;
				MTL_ENABLE_DEBUG_INFO = INCLUDE_SOURCE;
				MTL_FAST_MATH = YES;
				ONLY_ACTIVE_ARCH = YES;
				SDKROOT = iphoneos;
				SWIFT_ACTIVE_COMPILATION_CONDITIONS = "DEBUG $(inherited)";
				SWIFT_OPTIMIZATION_LEVEL = "-Onone";
			};
			name = Debug;
		};
		7FB4FBAE2B29D5010053D2CE /* Release */ = {
			isa = XCBuildConfiguration;
			buildSettings = {
				ALWAYS_SEARCH_USER_PATHS = NO;
				ASSETCATALOG_COMPILER_GENERATE_SWIFT_ASSET_SYMBOL_EXTENSIONS = YES;
				CLANG_ANALYZER_NONNULL = YES;
				CLANG_ANALYZER_NUMBER_OBJECT_CONVERSION = YES_AGGRESSIVE;
				CLANG_CXX_LANGUAGE_STANDARD = "gnu++20";
				CLANG_ENABLE_MODULES = YES;
				CLANG_ENABLE_OBJC_ARC = YES;
				CLANG_ENABLE_OBJC_WEAK = YES;
				CLANG_WARN_BLOCK_CAPTURE_AUTORELEASING = YES;
				CLANG_WARN_BOOL_CONVERSION = YES;
				CLANG_WARN_COMMA = YES;
				CLANG_WARN_CONSTANT_CONVERSION = YES;
				CLANG_WARN_DEPRECATED_OBJC_IMPLEMENTATIONS = YES;
				CLANG_WARN_DIRECT_OBJC_ISA_USAGE = YES_ERROR;
				CLANG_WARN_DOCUMENTATION_COMMENTS = YES;
				CLANG_WARN_EMPTY_BODY = YES;
				CLANG_WARN_ENUM_CONVERSION = YES;
				CLANG_WARN_INFINITE_RECURSION = YES;
				CLANG_WARN_INT_CONVERSION = YES;
				CLANG_WARN_NON_LITERAL_NULL_CONVERSION = YES;
				CLANG_WARN_OBJC_IMPLICIT_RETAIN_SELF = YES;
				CLANG_WARN_OBJC_LITERAL_CONVERSION = YES;
				CLANG_WARN_OBJC_ROOT_CLASS = YES_ERROR;
				CLANG_WARN_QUOTED_INCLUDE_IN_FRAMEWORK_HEADER = YES;
				CLANG_WARN_RANGE_LOOP_ANALYSIS = YES;
				CLANG_WARN_STRICT_PROTOTYPES = YES;
				CLANG_WARN_SUSPICIOUS_MOVE = YES;
				CLANG_WARN_UNGUARDED_AVAILABILITY = YES_AGGRESSIVE;
				CLANG_WARN_UNREACHABLE_CODE = YES;
				CLANG_WARN__DUPLICATE_METHOD_MATCH = YES;
				COPY_PHASE_STRIP = NO;
				DEBUG_INFORMATION_FORMAT = "dwarf-with-dsym";
				ENABLE_NS_ASSERTIONS = NO;
				ENABLE_STRICT_OBJC_MSGSEND = YES;
				ENABLE_USER_SCRIPT_SANDBOXING = YES;
				GCC_C_LANGUAGE_STANDARD = gnu17;
				GCC_NO_COMMON_BLOCKS = YES;
				GCC_WARN_64_TO_32_BIT_CONVERSION = YES;
				GCC_WARN_ABOUT_RETURN_TYPE = YES_ERROR;
				GCC_WARN_UNDECLARED_SELECTOR = YES;
				GCC_WARN_UNINITIALIZED_AUTOS = YES_AGGRESSIVE;
				GCC_WARN_UNUSED_FUNCTION = YES;
				GCC_WARN_UNUSED_VARIABLE = YES;
				IPHONEOS_DEPLOYMENT_TARGET = 17.0;
				LOCALIZATION_PREFERS_STRING_CATALOGS = YES;
				MTL_ENABLE_DEBUG_INFO = NO;
				MTL_FAST_MATH = YES;
				SDKROOT = iphoneos;
				SWIFT_COMPILATION_MODE = wholemodule;
				VALIDATE_PRODUCT = YES;
			};
			name = Release;
		};
		7FB4FBB02B29D5010053D2CE /* Debug */ = {
			isa = XCBuildConfiguration;
			buildSettings = {
				ASSETCATALOG_COMPILER_APPICON_NAME = AppIcon;
				ASSETCATALOG_COMPILER_GLOBAL_ACCENT_COLOR_NAME = AccentColor;
				CODE_SIGN_STYLE = Automatic;
				CURRENT_PROJECT_VERSION = 1;
				DEVELOPMENT_ASSET_PATHS = "\"countriesGraphQL/Preview Content\"";
				ENABLE_PREVIEWS = YES;
				GENERATE_INFOPLIST_FILE = YES;
				INFOPLIST_KEY_UIApplicationSceneManifest_Generation = YES;
				INFOPLIST_KEY_UIApplicationSupportsIndirectInputEvents = YES;
				INFOPLIST_KEY_UILaunchScreen_Generation = YES;
				INFOPLIST_KEY_UISupportedInterfaceOrientations_iPad = "UIInterfaceOrientationPortrait UIInterfaceOrientationPortraitUpsideDown UIInterfaceOrientationLandscapeLeft UIInterfaceOrientationLandscapeRight";
				INFOPLIST_KEY_UISupportedInterfaceOrientations_iPhone = "UIInterfaceOrientationPortrait UIInterfaceOrientationLandscapeLeft UIInterfaceOrientationLandscapeRight";
				LD_RUNPATH_SEARCH_PATHS = (
					"$(inherited)",
					"@executable_path/Frameworks",
				);
				MARKETING_VERSION = 1.0;
				PRODUCT_BUNDLE_IDENTIFIER = com.globaldatatek.countriesGraphQL;
				PRODUCT_NAME = "$(TARGET_NAME)";
				SWIFT_EMIT_LOC_STRINGS = YES;
				SWIFT_VERSION = 5.0;
				TARGETED_DEVICE_FAMILY = "1,2";
			};
			name = Debug;
		};
		7FB4FBB12B29D5010053D2CE /* Release */ = {
			isa = XCBuildConfiguration;
			buildSettings = {
				ASSETCATALOG_COMPILER_APPICON_NAME = AppIcon;
				ASSETCATALOG_COMPILER_GLOBAL_ACCENT_COLOR_NAME = AccentColor;
				CODE_SIGN_STYLE = Automatic;
				CURRENT_PROJECT_VERSION = 1;
				DEVELOPMENT_ASSET_PATHS = "\"countriesGraphQL/Preview Content\"";
				ENABLE_PREVIEWS = YES;
				GENERATE_INFOPLIST_FILE = YES;
				INFOPLIST_KEY_UIApplicationSceneManifest_Generation = YES;
				INFOPLIST_KEY_UIApplicationSupportsIndirectInputEvents = YES;
				INFOPLIST_KEY_UILaunchScreen_Generation = YES;
				INFOPLIST_KEY_UISupportedInterfaceOrientations_iPad = "UIInterfaceOrientationPortrait UIInterfaceOrientationPortraitUpsideDown UIInterfaceOrientationLandscapeLeft UIInterfaceOrientationLandscapeRight";
				INFOPLIST_KEY_UISupportedInterfaceOrientations_iPhone = "UIInterfaceOrientationPortrait UIInterfaceOrientationLandscapeLeft UIInterfaceOrientationLandscapeRight";
				LD_RUNPATH_SEARCH_PATHS = (
					"$(inherited)",
					"@executable_path/Frameworks",
				);
				MARKETING_VERSION = 1.0;
				PRODUCT_BUNDLE_IDENTIFIER = com.globaldatatek.countriesGraphQL;
				PRODUCT_NAME = "$(TARGET_NAME)";
				SWIFT_EMIT_LOC_STRINGS = YES;
				SWIFT_VERSION = 5.0;
				TARGETED_DEVICE_FAMILY = "1,2";
			};
			name = Release;
		};
/* End XCBuildConfiguration section */

/* Begin XCConfigurationList section */
		7FB4FB9C2B29D4F90053D2CE /* Build configuration list for PBXProject "countriesGraphQL" */ = {
			isa = XCConfigurationList;
			buildConfigurations = (
				7FB4FBAD2B29D5010053D2CE /* Debug */,
				7FB4FBAE2B29D5010053D2CE /* Release */,
			);
			defaultConfigurationIsVisible = 0;
			defaultConfigurationName = Release;
		};
		7FB4FBAF2B29D5010053D2CE /* Build configuration list for PBXNativeTarget "countriesGraphQL" */ = {
			isa = XCConfigurationList;
			buildConfigurations = (
				7FB4FBB02B29D5010053D2CE /* Debug */,
				7FB4FBB12B29D5010053D2CE /* Release */,
			);
			defaultConfigurationIsVisible = 0;
			defaultConfigurationName = Release;
		};
/* End XCConfigurationList section */

/* Begin XCLocalSwiftPackageReference section */
		7FB4FBEE2B2A1C520053D2CE /* XCLocalSwiftPackageReference "CountryAPI" */ = {
			isa = XCLocalSwiftPackageReference;
			relativePath = CountryAPI;
		};
/* End XCLocalSwiftPackageReference section */

/* Begin XCRemoteSwiftPackageReference section */
		7FB4FBB22B29D6960053D2CE /* XCRemoteSwiftPackageReference "apollo-ios" */ = {
			isa = XCRemoteSwiftPackageReference;
			repositoryURL = "https://github.com/apollographql/apollo-ios.git";
			requirement = {
				kind = upToNextMinorVersion;
				minimumVersion = 1.7.1;
			};
		};
/* End XCRemoteSwiftPackageReference section */

/* Begin XCSwiftPackageProductDependency section */
		7FB4FBB32B29D6960053D2CE /* Apollo */ = {
			isa = XCSwiftPackageProductDependency;
			package = 7FB4FBB22B29D6960053D2CE /* XCRemoteSwiftPackageReference "apollo-ios" */;
			productName = Apollo;
		};
		7FB4FBB52B29D6960053D2CE /* Apollo-Dynamic */ = {
			isa = XCSwiftPackageProductDependency;
			package = 7FB4FBB22B29D6960053D2CE /* XCRemoteSwiftPackageReference "apollo-ios" */;
			productName = "Apollo-Dynamic";
		};
		7FB4FBB72B29D6960053D2CE /* ApolloAPI */ = {
			isa = XCSwiftPackageProductDependency;
			package = 7FB4FBB22B29D6960053D2CE /* XCRemoteSwiftPackageReference "apollo-ios" */;
			productName = ApolloAPI;
		};
		7FB4FBB92B29D6960053D2CE /* ApolloSQLite */ = {
			isa = XCSwiftPackageProductDependency;
			package = 7FB4FBB22B29D6960053D2CE /* XCRemoteSwiftPackageReference "apollo-ios" */;
			productName = ApolloSQLite;
		};
		7FB4FBBB2B29D6960053D2CE /* ApolloTestSupport */ = {
			isa = XCSwiftPackageProductDependency;
			package = 7FB4FBB22B29D6960053D2CE /* XCRemoteSwiftPackageReference "apollo-ios" */;
			productName = ApolloTestSupport;
		};
		7FB4FBEF2B2A1C520053D2CE /* CountryAPI */ = {
			isa = XCSwiftPackageProductDependency;
			productName = CountryAPI;
		};
/* End XCSwiftPackageProductDependency section */
	};
	rootObject = 7FB4FB992B29D4F90053D2CE /* Project object */;
}
